<?xml version="1.0" encoding="utf-8"?>
<Project ToolsVersion="4.0" xmlns="http://schemas.microsoft.com/developer/msbuild/2003">
  <ItemGroup>
    <Filter Include="Source Files">
      <UniqueIdentifier>{4FC737F1-C7A5-4376-A066-2A32D752A2FF}</UniqueIdentifier>
      <Extensions>cpp;c;cc;cxx;c++;cppm;ixx;def;odl;idl;hpj;bat;asm;asmx</Extensions>
    </Filter>
    <Filter Include="Header Files">
      <UniqueIdentifier>{93995380-89BD-4b04-88EB-625FBE52EBFB}</UniqueIdentifier>
      <Extensions>h;hh;hpp;hxx;h++;hm;inl;inc;ipp;xsd</Extensions>
    </Filter>
    <Filter Include="Resource Files">
      <UniqueIdentifier>{67DA6AB6-F800-4c08-8B7A-83BB121AAD01}</UniqueIdentifier>
      <Extensions>rc;ico;cur;bmp;dlg;rc2;rct;bin;rgs;gif;jpg;jpeg;jpe;resx;tiff;tif;png;wav;mfcribbon-ms</Extensions>
    </Filter>
    <Filter Include="Source Files\02. Essential">
      <UniqueIdentifier>{aec30b5f-d0ef-4f9b-9238-25f1eef5380e}</UniqueIdentifier>
    </Filter>
    <Filter Include="Source Files\02. Essential\11.PointerToStructure">
      <UniqueIdentifier>{a934110b-fdfc-4fd5-83a4-f520f39b3ef0}</UniqueIdentifier>
    </Filter>
    <Filter Include="Source Files\02. Essential\13.Functions">
      <UniqueIdentifier>{bb802e3e-5bb1-4b40-acaa-94f3640bbc3e}</UniqueIdentifier>
    </Filter>
    <Filter Include="Source Files\02. Essential\29.TemplateClass">
      <UniqueIdentifier>{130bbf2f-df80-4456-8cd5-15c60d1d09bd}</UniqueIdentifier>
    </Filter>
    <Filter Include="Source Files\02. Essential\15.ParameterPassingMthods">
      <UniqueIdentifier>{cc049964-d459-4b3e-9c48-394b8fdf8607}</UniqueIdentifier>
    </Filter>
  </ItemGroup>
  <ItemGroup>
    <ClCompile Include="ProblemSolvingCPlusPlus.cpp">
      <Filter>Source Files</Filter>
    </ClCompile>
    <ClCompile Include="PointerToStructure.cpp">
      <Filter>Source Files\02. Essential\11.PointerToStructure</Filter>
    </ClCompile>
    <ClCompile Include="Functions.cpp">
      <Filter>Source Files\02. Essential\13.Functions</Filter>
    </ClCompile>
    <ClCompile Include="ParameterPassing.cpp">
      <Filter>Source Files\02. Essential\15.ParameterPassingMthods</Filter>
    </ClCompile>
    <ClCompile Include="ArrayParameter.cpp">
      <Filter>Source Files\02. Essential\15.ParameterPassingMthods</Filter>
    </ClCompile>
    <ClCompile Include="StructureParameter.cpp">
      <Filter>Source Files\02. Essential\15.ParameterPassingMthods</Filter>
    </ClCompile>
    <ClCompile Include="Arithmatic.cpp">
      <Filter>Source Files\02. Essential\29.TemplateClass</Filter>
    </ClCompile>
  </ItemGroup>
  <ItemGroup>
    <ClInclude Include="ConvertToCPlusClass.cpp">
      <Filter>Source Files\02. Essential\15.ParameterPassingMthods</Filter>
    </ClInclude>
  </ItemGroup>
</Project>